
Microsoft Visual Studio Solution File, Format Version 12.00
# Visual Studio Version 17
VisualStudioVersion = 17.11.35222.181
MinimumVisualStudioVersion = 10.0.40219.1
Project("{9A19103F-16F7-4668-BE54-9A1E7A4F7556}") = "newARSrepo", "newARSrepo\newARSrepo.csproj", "{31E57023-C61E-461F-AB38-CEFFFE789402}"
EndProject
Project("{9A19103F-16F7-4668-BE54-9A1E7A4F7556}") = "myrepos", "myrepos\myrepos.csproj", "{A55A62EE-D703-4AE8-8706-25A6B514CF69}"
EndProject
Project("{9A19103F-16F7-4668-BE54-9A1E7A4F7556}") = "testArray", "testArray\testArray.csproj", "{3195A78E-5F86-402B-8171-0D8DA85AB833}"
EndProject
Project("{9A19103F-16F7-4668-BE54-9A1E7A4F7556}") = "ishaArr", "ishaArr\ishaArr.csproj", "{B9A78E0B-D9AA-49B9-9D02-C26649396328}"
EndProject
Project("{9A19103F-16F7-4668-BE54-9A1E7A4F7556}") = "test", "test\test.csproj", "{4BC1808F-10C1-4E31-BB4B-8680DEC3338A}"
EndProject
Project("{9A19103F-16F7-4668-BE54-9A1E7A4F7556}") = "Method", "Method\Method.csproj", "{30578AE2-04FD-48E8-887B-C0055A1DE2DD}"
EndProject
Project("{9A19103F-16F7-4668-BE54-9A1E7A4F7556}") = "IshaMethod", "IshaMethod\IshaMethod.csproj", "{6C3BE9F0-0FBA-4D2A-B67C-4CD1987E7EB5}"
EndProject
Project("{9A19103F-16F7-4668-BE54-9A1E7A4F7556}") = "idrk", "idrk\idrk.csproj", "{9C2C70FB-9CD5-4BC1-B64C-2D12511B3A7E}"
EndProject
Project("{9A19103F-16F7-4668-BE54-9A1E7A4F7556}") = "ishaOddEvenIdentifier", "ishaOddEvenIdentifier\ishaOddEvenIdentifier.csproj", "{00CD64DC-5B11-4A52-9EF7-BF65A4F3CF57}"
EndProject
Project("{9A19103F-16F7-4668-BE54-9A1E7A4F7556}") = "continuous", "continuous\continuous.csproj", "{5059CAFF-90C4-4CD6-A72C-B18410F4A4D6}"
EndProject
Project("{9A19103F-16F7-4668-BE54-9A1E7A4F7556}") = "SimplePara", "SimplePara\SimplePara.csproj", "{DC01D9BB-165B-4EE5-9881-FB6F28A6AF3F}"
EndProject
Project("{FAE04EC0-301F-11D3-BF4B-00C04F79EFBC}") = "SelfLearningDoNotTouch", "SelfLearningDoNotTouch\SelfLearningDoNotTouch.csproj", "{61A74B48-ACE5-41F6-9D64-29F1956823BF}"
EndProject
Global
	GlobalSection(SolutionConfigurationPlatforms) = preSolution
		Debug|Any CPU = Debug|Any CPU
		Release|Any CPU = Release|Any CPU
	EndGlobalSection
	GlobalSection(ProjectConfigurationPlatforms) = postSolution
		{31E57023-C61E-461F-AB38-CEFFFE789402}.Debug|Any CPU.ActiveCfg = Debug|Any CPU
		{31E57023-C61E-461F-AB38-CEFFFE789402}.Debug|Any CPU.Build.0 = Debug|Any CPU
		{31E57023-C61E-461F-AB38-CEFFFE789402}.Release|Any CPU.ActiveCfg = Release|Any CPU
		{31E57023-C61E-461F-AB38-CEFFFE789402}.Release|Any CPU.Build.0 = Release|Any CPU
		{A55A62EE-D703-4AE8-8706-25A6B514CF69}.Debug|Any CPU.ActiveCfg = Debug|Any CPU
		{A55A62EE-D703-4AE8-8706-25A6B514CF69}.Debug|Any CPU.Build.0 = Debug|Any CPU
		{A55A62EE-D703-4AE8-8706-25A6B514CF69}.Release|Any CPU.ActiveCfg = Release|Any CPU
		{A55A62EE-D703-4AE8-8706-25A6B514CF69}.Release|Any CPU.Build.0 = Release|Any CPU
		{3195A78E-5F86-402B-8171-0D8DA85AB833}.Debug|Any CPU.ActiveCfg = Debug|Any CPU
		{3195A78E-5F86-402B-8171-0D8DA85AB833}.Debug|Any CPU.Build.0 = Debug|Any CPU
		{3195A78E-5F86-402B-8171-0D8DA85AB833}.Release|Any CPU.ActiveCfg = Release|Any CPU
		{3195A78E-5F86-402B-8171-0D8DA85AB833}.Release|Any CPU.Build.0 = Release|Any CPU
		{B9A78E0B-D9AA-49B9-9D02-C26649396328}.Debug|Any CPU.ActiveCfg = Debug|Any CPU
		{B9A78E0B-D9AA-49B9-9D02-C26649396328}.Debug|Any CPU.Build.0 = Debug|Any CPU
		{B9A78E0B-D9AA-49B9-9D02-C26649396328}.Release|Any CPU.ActiveCfg = Release|Any CPU
		{B9A78E0B-D9AA-49B9-9D02-C26649396328}.Release|Any CPU.Build.0 = Release|Any CPU
		{4BC1808F-10C1-4E31-BB4B-8680DEC3338A}.Debug|Any CPU.ActiveCfg = Debug|Any CPU
		{4BC1808F-10C1-4E31-BB4B-8680DEC3338A}.Debug|Any CPU.Build.0 = Debug|Any CPU
		{4BC1808F-10C1-4E31-BB4B-8680DEC3338A}.Release|Any CPU.ActiveCfg = Release|Any CPU
		{4BC1808F-10C1-4E31-BB4B-8680DEC3338A}.Release|Any CPU.Build.0 = Release|Any CPU
		{30578AE2-04FD-48E8-887B-C0055A1DE2DD}.Debug|Any CPU.ActiveCfg = Debug|Any CPU
		{30578AE2-04FD-48E8-887B-C0055A1DE2DD}.Debug|Any CPU.Build.0 = Debug|Any CPU
		{30578AE2-04FD-48E8-887B-C0055A1DE2DD}.Release|Any CPU.ActiveCfg = Release|Any CPU
		{30578AE2-04FD-48E8-887B-C0055A1DE2DD}.Release|Any CPU.Build.0 = Release|Any CPU
		{6C3BE9F0-0FBA-4D2A-B67C-4CD1987E7EB5}.Debug|Any CPU.ActiveCfg = Debug|Any CPU
		{6C3BE9F0-0FBA-4D2A-B67C-4CD1987E7EB5}.Debug|Any CPU.Build.0 = Debug|Any CPU
		{6C3BE9F0-0FBA-4D2A-B67C-4CD1987E7EB5}.Release|Any CPU.ActiveCfg = Release|Any CPU
		{6C3BE9F0-0FBA-4D2A-B67C-4CD1987E7EB5}.Release|Any CPU.Build.0 = Release|Any CPU
		{9C2C70FB-9CD5-4BC1-B64C-2D12511B3A7E}.Debug|Any CPU.ActiveCfg = Debug|Any CPU
		{9C2C70FB-9CD5-4BC1-B64C-2D12511B3A7E}.Debug|Any CPU.Build.0 = Debug|Any CPU
		{9C2C70FB-9CD5-4BC1-B64C-2D12511B3A7E}.Release|Any CPU.ActiveCfg = Release|Any CPU
		{9C2C70FB-9CD5-4BC1-B64C-2D12511B3A7E}.Release|Any CPU.Build.0 = Release|Any CPU
		{00CD64DC-5B11-4A52-9EF7-BF65A4F3CF57}.Debug|Any CPU.ActiveCfg = Debug|Any CPU
		{00CD64DC-5B11-4A52-9EF7-BF65A4F3CF57}.Debug|Any CPU.Build.0 = Debug|Any CPU
		{00CD64DC-5B11-4A52-9EF7-BF65A4F3CF57}.Release|Any CPU.ActiveCfg = Release|Any CPU
		{00CD64DC-5B11-4A52-9EF7-BF65A4F3CF57}.Release|Any CPU.Build.0 = Release|Any CPU
		{5059CAFF-90C4-4CD6-A72C-B18410F4A4D6}.Debug|Any CPU.ActiveCfg = Debug|Any CPU
		{5059CAFF-90C4-4CD6-A72C-B18410F4A4D6}.Debug|Any CPU.Build.0 = Debug|Any CPU
		{5059CAFF-90C4-4CD6-A72C-B18410F4A4D6}.Release|Any CPU.ActiveCfg = Release|Any CPU
		{5059CAFF-90C4-4CD6-A72C-B18410F4A4D6}.Release|Any CPU.Build.0 = Release|Any CPU
		{DC01D9BB-165B-4EE5-9881-FB6F28A6AF3F}.Debug|Any CPU.ActiveCfg = Debug|Any CPU
		{DC01D9BB-165B-4EE5-9881-FB6F28A6AF3F}.Debug|Any CPU.Build.0 = Debug|Any CPU
		{DC01D9BB-165B-4EE5-9881-FB6F28A6AF3F}.Release|Any CPU.ActiveCfg = Release|Any CPU
		{DC01D9BB-165B-4EE5-9881-FB6F28A6AF3F}.Release|Any CPU.Build.0 = Release|Any CPU
		{61A74B48-ACE5-41F6-9D64-29F1956823BF}.Debug|Any CPU.ActiveCfg = Debug|Any CPU
		{61A74B48-ACE5-41F6-9D64-29F1956823BF}.Debug|Any CPU.Build.0 = Debug|Any CPU
		{61A74B48-ACE5-41F6-9D64-29F1956823BF}.Release|Any CPU.ActiveCfg = Release|Any CPU
		{61A74B48-ACE5-41F6-9D64-29F1956823BF}.Release|Any CPU.Build.0 = Release|Any CPU
	EndGlobalSection
	GlobalSection(SolutionProperties) = preSolution
		HideSolutionNode = FALSE
	EndGlobalSection
	GlobalSection(ExtensibilityGlobals) = postSolution
		SolutionGuid = {E9A60EFD-6EAB-4DAF-9C18-1D2AD02896B2}
	EndGlobalSection
EndGlobal
